
Microsoft Visual Studio Solution File, Format Version 12.00
# Visual Studio Version 16
VisualStudioVersion = 16.0.29709.97
MinimumVisualStudioVersion = 10.0.40219.1
Project("{FAE04EC0-301F-11D3-BF4B-00C04F79EFBC}") = "Heap(Generic)", "Heap(Generic)\Heap(Generic).csproj", "{DBF61BA8-0613-4787-A64B-4FA75BC4408A}"
EndProject
Global
	GlobalSection(SolutionConfigurationPlatforms) = preSolution
		Debug|Any CPU = Debug|Any CPU
		Release|Any CPU = Release|Any CPU
	EndGlobalSection
	GlobalSection(ProjectConfigurationPlatforms) = postSolution
		{DBF61BA8-0613-4787-A64B-4FA75BC4408A}.Debug|Any CPU.ActiveCfg = Debug|Any CPU
		{DBF61BA8-0613-4787-A64B-4FA75BC4408A}.Debug|Any CPU.Build.0 = Debug|Any CPU
		{DBF61BA8-0613-4787-A64B-4FA75BC4408A}.Release|Any CPU.ActiveCfg = Release|Any CPU
		{DBF61BA8-0613-4787-A64B-4FA75BC4408A}.Release|Any CPU.Build.0 = Release|Any CPU
	EndGlobalSection
	GlobalSection(SolutionProperties) = preSolution
		HideSolutionNode = FALSE
	EndGlobalSection
	GlobalSection(ExtensibilityGlobals) = postSolution
		SolutionGuid = {5A8A8ACC-433F-4B17-92E2-38CAAEC23020}
	EndGlobalSection
EndGlobal
